// !$*UTF8*$!
{
	archiveVersion = 1;
	classes = {
	};
	objectVersion = 46;
	objects = {

/* Begin PBXBuildFile section */
		891131501D975F88004482FD /* ViewController.m in Sources */ = {isa = PBXBuildFile; fileRef = 8911314F1D975F88004482FD /* ViewController.m */; };
		891131521D97665B004482FD /* Foundation+Log.m in Sources */ = {isa = PBXBuildFile; fileRef = 891131511D97665B004482FD /* Foundation+Log.m */; };
		891131571D976C7C004482FD /* NSObject+LogProperty.m in Sources */ = {isa = PBXBuildFile; fileRef = 891131561D976C7C004482FD /* NSObject+LogProperty.m */; };
		8911315C1D976CA2004482FD /* NSDate+WeiBo.m in Sources */ = {isa = PBXBuildFile; fileRef = 8911315B1D976CA2004482FD /* NSDate+WeiBo.m */; };
		891131631D97714D004482FD /* UIView+Extension.m in Sources */ = {isa = PBXBuildFile; fileRef = 891131621D97714D004482FD /* UIView+Extension.m */; };
		891131661D9771DE004482FD /* UIView+gesture.m in Sources */ = {isa = PBXBuildFile; fileRef = 891131651D9771DE004482FD /* UIView+gesture.m */; };
		8911316A1D977213004482FD /* UIImage+Image.m in Sources */ = {isa = PBXBuildFile; fileRef = 891131691D977213004482FD /* UIImage+Image.m */; };
		8911316D1D97721C004482FD /* UIImage+QRCode.m in Sources */ = {isa = PBXBuildFile; fileRef = 8911316C1D97721C004482FD /* UIImage+QRCode.m */; };
		891131711D977416004482FD /* UIColor+Hex.m in Sources */ = {isa = PBXBuildFile; fileRef = 891131701D977416004482FD /* UIColor+Hex.m */; };
		89C5EAA51D9516C100191938 /* main.m in Sources */ = {isa = PBXBuildFile; fileRef = 89C5EAA41D9516C100191938 /* main.m */; };
		89C5EAA81D9516C100191938 /* AppDelegate.m in Sources */ = {isa = PBXBuildFile; fileRef = 89C5EAA71D9516C100191938 /* AppDelegate.m */; };
		89C5EAAE1D9516C100191938 /* Main.storyboard in Resources */ = {isa = PBXBuildFile; fileRef = 89C5EAAC1D9516C100191938 /* Main.storyboard */; };
		89C5EAB01D9516C100191938 /* Assets.xcassets in Resources */ = {isa = PBXBuildFile; fileRef = 89C5EAAF1D9516C100191938 /* Assets.xcassets */; };
		89C5EAB31D9516C100191938 /* LaunchScreen.storyboard in Resources */ = {isa = PBXBuildFile; fileRef = 89C5EAB11D9516C100191938 /* LaunchScreen.storyboard */; };
/* End PBXBuildFile section */

/* Begin PBXFileReference section */
		8911314E1D975F88004482FD /* ViewController.h */ = {isa = PBXFileReference; fileEncoding = 4; lastKnownFileType = sourcecode.c.h; path = ViewController.h; sourceTree = "<group>"; };
		8911314F1D975F88004482FD /* ViewController.m */ = {isa = PBXFileReference; fileEncoding = 4; lastKnownFileType = sourcecode.c.objc; path = ViewController.m; sourceTree = "<group>"; };
		891131511D97665B004482FD /* Foundation+Log.m */ = {isa = PBXFileReference; fileEncoding = 4; lastKnownFileType = sourcecode.c.objc; path = "Foundation+Log.m"; sourceTree = "<group>"; };
		891131551D976C7C004482FD /* NSObject+LogProperty.h */ = {isa = PBXFileReference; fileEncoding = 4; lastKnownFileType = sourcecode.c.h; path = "NSObject+LogProperty.h"; sourceTree = "<group>"; };
		891131561D976C7C004482FD /* NSObject+LogProperty.m */ = {isa = PBXFileReference; fileEncoding = 4; lastKnownFileType = sourcecode.c.objc; path = "NSObject+LogProperty.m"; sourceTree = "<group>"; };
		8911315A1D976CA2004482FD /* NSDate+WeiBo.h */ = {isa = PBXFileReference; fileEncoding = 4; lastKnownFileType = sourcecode.c.h; path = "NSDate+WeiBo.h"; sourceTree = "<group>"; };
		8911315B1D976CA2004482FD /* NSDate+WeiBo.m */ = {isa = PBXFileReference; fileEncoding = 4; lastKnownFileType = sourcecode.c.objc; path = "NSDate+WeiBo.m"; sourceTree = "<group>"; };
		891131611D97714D004482FD /* UIView+Extension.h */ = {isa = PBXFileReference; fileEncoding = 4; lastKnownFileType = sourcecode.c.h; path = "UIView+Extension.h"; sourceTree = "<group>"; };
		891131621D97714D004482FD /* UIView+Extension.m */ = {isa = PBXFileReference; fileEncoding = 4; lastKnownFileType = sourcecode.c.objc; path = "UIView+Extension.m"; sourceTree = "<group>"; };
		891131641D9771DE004482FD /* UIView+gesture.h */ = {isa = PBXFileReference; fileEncoding = 4; lastKnownFileType = sourcecode.c.h; path = "UIView+gesture.h"; sourceTree = "<group>"; };
		891131651D9771DE004482FD /* UIView+gesture.m */ = {isa = PBXFileReference; fileEncoding = 4; lastKnownFileType = sourcecode.c.objc; path = "UIView+gesture.m"; sourceTree = "<group>"; };
		891131681D977213004482FD /* UIImage+Image.h */ = {isa = PBXFileReference; fileEncoding = 4; lastKnownFileType = sourcecode.c.h; path = "UIImage+Image.h"; sourceTree = "<group>"; };
		891131691D977213004482FD /* UIImage+Image.m */ = {isa = PBXFileReference; fileEncoding = 4; lastKnownFileType = sourcecode.c.objc; path = "UIImage+Image.m"; sourceTree = "<group>"; };
		8911316B1D97721C004482FD /* UIImage+QRCode.h */ = {isa = PBXFileReference; fileEncoding = 4; lastKnownFileType = sourcecode.c.h; path = "UIImage+QRCode.h"; sourceTree = "<group>"; };
		8911316C1D97721C004482FD /* UIImage+QRCode.m */ = {isa = PBXFileReference; fileEncoding = 4; lastKnownFileType = sourcecode.c.objc; path = "UIImage+QRCode.m"; sourceTree = "<group>"; };
		8911316F1D977416004482FD /* UIColor+Hex.h */ = {isa = PBXFileReference; fileEncoding = 4; lastKnownFileType = sourcecode.c.h; path = "UIColor+Hex.h"; sourceTree = "<group>"; };
		891131701D977416004482FD /* UIColor+Hex.m */ = {isa = PBXFileReference; fileEncoding = 4; lastKnownFileType = sourcecode.c.objc; path = "UIColor+Hex.m"; sourceTree = "<group>"; };
		89C5EAA01D9516C100191938 /* Categories.app */ = {isa = PBXFileReference; explicitFileType = wrapper.application; includeInIndex = 0; path = Categories.app; sourceTree = BUILT_PRODUCTS_DIR; };
		89C5EAA41D9516C100191938 /* main.m */ = {isa = PBXFileReference; lastKnownFileType = sourcecode.c.objc; path = main.m; sourceTree = "<group>"; };
		89C5EAA61D9516C100191938 /* AppDelegate.h */ = {isa = PBXFileReference; lastKnownFileType = sourcecode.c.h; path = AppDelegate.h; sourceTree = "<group>"; };
		89C5EAA71D9516C100191938 /* AppDelegate.m */ = {isa = PBXFileReference; lastKnownFileType = sourcecode.c.objc; path = AppDelegate.m; sourceTree = "<group>"; };
		89C5EAAD1D9516C100191938 /* Base */ = {isa = PBXFileReference; lastKnownFileType = file.storyboard; name = Base; path = Base.lproj/Main.storyboard; sourceTree = "<group>"; };
		89C5EAAF1D9516C100191938 /* Assets.xcassets */ = {isa = PBXFileReference; lastKnownFileType = folder.assetcatalog; path = Assets.xcassets; sourceTree = "<group>"; };
		89C5EAB21D9516C100191938 /* Base */ = {isa = PBXFileReference; lastKnownFileType = file.storyboard; name = Base; path = Base.lproj/LaunchScreen.storyboard; sourceTree = "<group>"; };
		89C5EAB41D9516C100191938 /* Info.plist */ = {isa = PBXFileReference; lastKnownFileType = text.plist.xml; path = Info.plist; sourceTree = "<group>"; };
/* End PBXFileReference section */

/* Begin PBXFrameworksBuildPhase section */
		89C5EA9D1D9516C100191938 /* Frameworks */ = {
			isa = PBXFrameworksBuildPhase;
			buildActionMask = 2147483647;
			files = (
			);
			runOnlyForDeploymentPostprocessing = 0;
		};
/* End PBXFrameworksBuildPhase section */

/* Begin PBXGroup section */
		8911314D1D975F88004482FD /* VCs */ = {
			isa = PBXGroup;
			children = (
				8911314E1D975F88004482FD /* ViewController.h */,
				8911314F1D975F88004482FD /* ViewController.m */,
			);
			path = VCs;
			sourceTree = "<group>";
		};
		891131531D9768D5004482FD /* Views */ = {
			isa = PBXGroup;
			children = (
			);
			path = Views;
			sourceTree = "<group>";
		};
		891131541D976C7C004482FD /* NSObject */ = {
			isa = PBXGroup;
			children = (
				891131551D976C7C004482FD /* NSObject+LogProperty.h */,
				891131561D976C7C004482FD /* NSObject+LogProperty.m */,
			);
			path = NSObject;
			sourceTree = "<group>";
		};
		891131591D976C9B004482FD /* NSDate */ = {
			isa = PBXGroup;
			children = (
				8911315A1D976CA2004482FD /* NSDate+WeiBo.h */,
				8911315B1D976CA2004482FD /* NSDate+WeiBo.m */,
			);
			path = NSDate;
			sourceTree = "<group>";
		};
		8911315D1D976F34004482FD /* UIView */ = {
			isa = PBXGroup;
			children = (
				891131611D97714D004482FD /* UIView+Extension.h */,
				891131621D97714D004482FD /* UIView+Extension.m */,
				891131641D9771DE004482FD /* UIView+gesture.h */,
				891131651D9771DE004482FD /* UIView+gesture.m */,
			);
			path = UIView;
			sourceTree = "<group>";
		};
		891131671D977207004482FD /* UIImage */ = {
			isa = PBXGroup;
			children = (
				891131681D977213004482FD /* UIImage+Image.h */,
				891131691D977213004482FD /* UIImage+Image.m */,
				8911316B1D97721C004482FD /* UIImage+QRCode.h */,
				8911316C1D97721C004482FD /* UIImage+QRCode.m */,
			);
			path = UIImage;
			sourceTree = "<group>";
		};
		8911316E1D977404004482FD /* UIColor */ = {
			isa = PBXGroup;
			children = (
				8911316F1D977416004482FD /* UIColor+Hex.h */,
				891131701D977416004482FD /* UIColor+Hex.m */,
			);
			path = UIColor;
			sourceTree = "<group>";
		};
		89C5EA971D9516C100191938 = {
			isa = PBXGroup;
			children = (
				89C5EAA21D9516C100191938 /* Categories */,
				89C5EAA11D9516C100191938 /* Products */,
			);
			sourceTree = "<group>";
		};
		89C5EAA11D9516C100191938 /* Products */ = {
			isa = PBXGroup;
			children = (
				89C5EAA01D9516C100191938 /* Categories.app */,
			);
			name = Products;
			sourceTree = "<group>";
		};
		89C5EAA21D9516C100191938 /* Categories */ = {
			isa = PBXGroup;
			children = (
				89C5EAA61D9516C100191938 /* AppDelegate.h */,
				89C5EAA71D9516C100191938 /* AppDelegate.m */,
				8911314D1D975F88004482FD /* VCs */,
				891131531D9768D5004482FD /* Views */,
				89C5EABA1D9516F100191938 /* Categories */,
				89C5EAAC1D9516C100191938 /* Main.storyboard */,
				89C5EAAF1D9516C100191938 /* Assets.xcassets */,
				89C5EAB11D9516C100191938 /* LaunchScreen.storyboard */,
				89C5EAB41D9516C100191938 /* Info.plist */,
				89C5EAA31D9516C100191938 /* Supporting Files */,
			);
			path = Categories;
			sourceTree = "<group>";
		};
		89C5EAA31D9516C100191938 /* Supporting Files */ = {
			isa = PBXGroup;
			children = (
				89C5EAA41D9516C100191938 /* main.m */,
			);
			name = "Supporting Files";
			sourceTree = "<group>";
		};
		89C5EABA1D9516F100191938 /* Categories */ = {
			isa = PBXGroup;
			children = (
				891131511D97665B004482FD /* Foundation+Log.m */,
				8911315D1D976F34004482FD /* UIView */,
				891131671D977207004482FD /* UIImage */,
				8911316E1D977404004482FD /* UIColor */,
				891131541D976C7C004482FD /* NSObject */,
				891131591D976C9B004482FD /* NSDate */,
			);
			path = Categories;
			sourceTree = "<group>";
		};
/* End PBXGroup section */

/* Begin PBXNativeTarget section */
		89C5EA9F1D9516C100191938 /* Categories */ = {
			isa = PBXNativeTarget;
			buildConfigurationList = 89C5EAB71D9516C100191938 /* Build configuration list for PBXNativeTarget "Categories" */;
			buildPhases = (
				89C5EA9C1D9516C100191938 /* Sources */,
				89C5EA9D1D9516C100191938 /* Frameworks */,
				89C5EA9E1D9516C100191938 /* Resources */,
			);
			buildRules = (
			);
			dependencies = (
			);
			name = Categories;
			productName = Categories;
			productReference = 89C5EAA01D9516C100191938 /* Categories.app */;
			productType = "com.apple.product-type.application";
		};
/* End PBXNativeTarget section */

/* Begin PBXProject section */
		89C5EA981D9516C100191938 /* Project object */ = {
			isa = PBXProject;
			attributes = {
				LastUpgradeCheck = 0730;
				ORGANIZATIONNAME = wjh;
				TargetAttributes = {
					89C5EA9F1D9516C100191938 = {
						CreatedOnToolsVersion = 7.3;
					};
				};
			};
			buildConfigurationList = 89C5EA9B1D9516C100191938 /* Build configuration list for PBXProject "Categories" */;
			compatibilityVersion = "Xcode 3.2";
			developmentRegion = English;
			hasScannedForEncodings = 0;
			knownRegions = (
				en,
				Base,
			);
			mainGroup = 89C5EA971D9516C100191938;
			productRefGroup = 89C5EAA11D9516C100191938 /* Products */;
			projectDirPath = "";
			projectRoot = "";
			targets = (
				89C5EA9F1D9516C100191938 /* Categories */,
			);
		};
/* End PBXProject section */

/* Begin PBXResourcesBuildPhase section */
		89C5EA9E1D9516C100191938 /* Resources */ = {
			isa = PBXResourcesBuildPhase;
			buildActionMask = 2147483647;
			files = (
				89C5EAB31D9516C100191938 /* LaunchScreen.storyboard in Resources */,
				89C5EAB01D9516C100191938 /* Assets.xcassets in Resources */,
				89C5EAAE1D9516C100191938 /* Main.storyboard in Resources */,
			);
			runOnlyForDeploymentPostprocessing = 0;
		};
/* End PBXResourcesBuildPhase section */

/* Begin PBXSourcesBuildPhase section */
		89C5EA9C1D9516C100191938 /* Sources */ = {
			isa = PBXSourcesBuildPhase;
			buildActionMask = 2147483647;
			files = (
				89C5EAA81D9516C100191938 /* AppDelegate.m in Sources */,
				891131521D97665B004482FD /* Foundation+Log.m in Sources */,
				89C5EAA51D9516C100191938 /* main.m in Sources */,
				8911316A1D977213004482FD /* UIImage+Image.m in Sources */,
				891131631D97714D004482FD /* UIView+Extension.m in Sources */,
				891131501D975F88004482FD /* ViewController.m in Sources */,
				891131571D976C7C004482FD /* NSObject+LogProperty.m in Sources */,
				8911316D1D97721C004482FD /* UIImage+QRCode.m in Sources */,
				891131711D977416004482FD /* UIColor+Hex.m in Sources */,
				891131661D9771DE004482FD /* UIView+gesture.m in Sources */,
				8911315C1D976CA2004482FD /* NSDate+WeiBo.m in Sources */,
			);
			runOnlyForDeploymentPostprocessing = 0;
		};
/* End PBXSourcesBuildPhase section */

/* Begin PBXVariantGroup section */
		89C5EAAC1D9516C100191938 /* Main.storyboard */ = {
			isa = PBXVariantGroup;
			children = (
				89C5EAAD1D9516C100191938 /* Base */,
			);
			name = Main.storyboard;
			sourceTree = "<group>";
		};
		89C5EAB11D9516C100191938 /* LaunchScreen.storyboard */ = {
			isa = PBXVariantGroup;
			children = (
				89C5EAB21D9516C100191938 /* Base */,
			);
			name = LaunchScreen.storyboard;
			sourceTree = "<group>";
		};
/* End PBXVariantGroup section */

/* Begin XCBuildConfiguration section */
		89C5EAB51D9516C100191938 /* Debug */ = {
			isa = XCBuildConfiguration;
			buildSettings = {
				ALWAYS_SEARCH_USER_PATHS = NO;
				CLANG_ANALYZER_NONNULL = YES;
				CLANG_CXX_LANGUAGE_STANDARD = "gnu++0x";
				CLANG_CXX_LIBRARY = "libc++";
				CLANG_ENABLE_MODULES = YES;
				CLANG_ENABLE_OBJC_ARC = YES;
				CLANG_WARN_BOOL_CONVERSION = YES;
				CLANG_WARN_CONSTANT_CONVERSION = YES;
				CLANG_WARN_DIRECT_OBJC_ISA_USAGE = YES_ERROR;
				CLANG_WARN_EMPTY_BODY = YES;
				CLANG_WARN_ENUM_CONVERSION = YES;
				CLANG_WARN_INT_CONVERSION = YES;
				CLANG_WARN_OBJC_ROOT_CLASS = YES_ERROR;
				CLANG_WARN_UNREACHABLE_CODE = YES;
				CLANG_WARN__DUPLICATE_METHOD_MATCH = YES;
				"CODE_SIGN_IDENTITY[sdk=iphoneos*]" = "iPhone Developer";
				COPY_PHASE_STRIP = NO;
				DEBUG_INFORMATION_FORMAT = dwarf;
				ENABLE_STRICT_OBJC_MSGSEND = YES;
				ENABLE_TESTABILITY = YES;
				GCC_C_LANGUAGE_STANDARD = gnu99;
				GCC_DYNAMIC_NO_PIC = NO;
				GCC_NO_COMMON_BLOCKS = YES;
				GCC_OPTIMIZATION_LEVEL = 0;
				GCC_PREPROCESSOR_DEFINITIONS = (
					"DEBUG=1",
					"$(inherited)",
				);
				GCC_WARN_64_TO_32_BIT_CONVERSION = YES;
				GCC_WARN_ABOUT_RETURN_TYPE = YES_ERROR;
				GCC_WARN_UNDECLARED_SELECTOR = YES;
				GCC_WARN_UNINITIALIZED_AUTOS = YES_AGGRESSIVE;
				GCC_WARN_UNUSED_FUNCTION = YES;
				GCC_WARN_UNUSED_VARIABLE = YES;
				IPHONEOS_DEPLOYMENT_TARGET = 9.3;
				MTL_ENABLE_DEBUG_INFO = YES;
				ONLY_ACTIVE_ARCH = YES;
				SDKROOT = iphoneos;
				TARGETED_DEVICE_FAMILY = "1,2";
			};
			name = Debug;
		};
		89C5EAB61D9516C100191938 /* Release */ = {
			isa = XCBuildConfiguration;
			buildSettings = {
				ALWAYS_SEARCH_USER_PATHS = NO;
				CLANG_ANALYZER_NONNULL = YES;
				CLANG_CXX_LANGUAGE_STANDARD = "gnu++0x";
				CLANG_CXX_LIBRARY = "libc++";
				CLANG_ENABLE_MODULES = YES;
				CLANG_ENABLE_OBJC_ARC = YES;
				CLANG_WARN_BOOL_CONVERSION = YES;
				CLANG_WARN_CONSTANT_CONVERSION = YES;
				CLANG_WARN_DIRECT_OBJC_ISA_USAGE = YES_ERROR;
				CLANG_WARN_EMPTY_BODY = YES;
				CLANG_WARN_ENUM_CONVERSION = YES;
				CLANG_WARN_INT_CONVERSION = YES;
				CLANG_WARN_OBJC_ROOT_CLASS = YES_ERROR;
				CLANG_WARN_UNREACHABLE_CODE = YES;
				CLANG_WARN__DUPLICATE_METHOD_MATCH = YES;
				"CODE_SIGN_IDENTITY[sdk=iphoneos*]" = "iPhone Developer";
				COPY_PHASE_STRIP = NO;
				DEBUG_INFORMATION_FORMAT = "dwarf-with-dsym";
				ENABLE_NS_ASSERTIONS = NO;
				ENABLE_STRICT_OBJC_MSGSEND = YES;
				GCC_C_LANGUAGE_STANDARD = gnu99;
				GCC_NO_COMMON_BLOCKS = YES;
				GCC_WARN_64_TO_32_BIT_CONVERSION = YES;
				GCC_WARN_ABOUT_RETURN_TYPE = YES_ERROR;
				GCC_WARN_UNDECLARED_SELECTOR = YES;
				GCC_WARN_UNINITIALIZED_AUTOS = YES_AGGRESSIVE;
				GCC_WARN_UNUSED_FUNCTION = YES;
				GCC_WARN_UNUSED_VARIABLE = YES;
				IPHONEOS_DEPLOYMENT_TARGET = 9.3;
				MTL_ENABLE_DEBUG_INFO = NO;
				SDKROOT = iphoneos;
				TARGETED_DEVICE_FAMILY = "1,2";
				VALIDATE_PRODUCT = YES;
			};
			name = Release;
		};
		89C5EAB81D9516C100191938 /* Debug */ = {
			isa = XCBuildConfiguration;
			buildSettings = {
				ASSETCATALOG_COMPILER_APPICON_NAME = AppIcon;
				INFOPLIST_FILE = Categories/Info.plist;
				LD_RUNPATH_SEARCH_PATHS = "$(inherited) @executable_path/Frameworks";
				PRODUCT_BUNDLE_IDENTIFIER = wujh.Categories;
				PRODUCT_NAME = "$(TARGET_NAME)";
			};
			name = Debug;
		};
		89C5EAB91D9516C100191938 /* Release */ = {
			isa = XCBuildConfiguration;
			buildSettings = {
				ASSETCATALOG_COMPILER_APPICON_NAME = AppIcon;
				INFOPLIST_FILE = Categories/Info.plist;
				LD_RUNPATH_SEARCH_PATHS = "$(inherited) @executable_path/Frameworks";
				PRODUCT_BUNDLE_IDENTIFIER = wujh.Categories;
				PRODUCT_NAME = "$(TARGET_NAME)";
			};
			name = Release;
		};
/* End XCBuildConfiguration section */

/* Begin XCConfigurationList section */
		89C5EA9B1D9516C100191938 /* Build configuration list for PBXProject "Categories" */ = {
			isa = XCConfigurationList;
			buildConfigurations = (
				89C5EAB51D9516C100191938 /* Debug */,
				89C5EAB61D9516C100191938 /* Release */,
			);
			defaultConfigurationIsVisible = 0;
			defaultConfigurationName = Release;
		};
		89C5EAB71D9516C100191938 /* Build configuration list for PBXNativeTarget "Categories" */ = {
			isa = XCConfigurationList;
			buildConfigurations = (
				89C5EAB81D9516C100191938 /* Debug */,
				89C5EAB91D9516C100191938 /* Release */,
			);
			defaultConfigurationIsVisible = 0;
			defaultConfigurationName = Release;
		};
/* End XCConfigurationList section */
	};
	rootObject = 89C5EA981D9516C100191938 /* Project object */;
}
